
Microsoft Visual Studio Solution File, Format Version 12.00
# Visual Studio 15
VisualStudioVersion = 15.0.26730.16
MinimumVisualStudioVersion = 10.0.40219.1
Project("{FAE04EC0-301F-11D3-BF4B-00C04F79EFBC}") = "Jax.Website", "Jax.Website\Jax.Website.csproj", "{7CE8110F-E2AC-45DC-85AA-B5FBE88E2411}"
EndProject
Global
	GlobalSection(SolutionConfigurationPlatforms) = preSolution
		Debug|Any CPU = Debug|Any CPU
		Release|Any CPU = Release|Any CPU
	EndGlobalSection
	GlobalSection(ProjectConfigurationPlatforms) = postSolution
		{7CE8110F-E2AC-45DC-85AA-B5FBE88E2411}.Debug|Any CPU.ActiveCfg = Debug|Any CPU
		{7CE8110F-E2AC-45DC-85AA-B5FBE88E2411}.Debug|Any CPU.Build.0 = Debug|Any CPU
		{7CE8110F-E2AC-45DC-85AA-B5FBE88E2411}.Release|Any CPU.ActiveCfg = Release|Any CPU
		{7CE8110F-E2AC-45DC-85AA-B5FBE88E2411}.Release|Any CPU.Build.0 = Release|Any CPU
	EndGlobalSection
	GlobalSection(SolutionProperties) = preSolution
		HideSolutionNode = FALSE
	EndGlobalSection
	GlobalSection(ExtensibilityGlobals) = postSolution
		SolutionGuid = {C6A7AAC9-4567-43BD-A867-CCBDA8674AAB}
	EndGlobalSection
EndGlobal
